
Microsoft Visual Studio Solution File, Format Version 12.00
# Blend for Visual Studio Version 17
VisualStudioVersion = 17.10.34928.147
MinimumVisualStudioVersion = 10.0.40219.1
Project("{9A19103F-16F7-4668-BE54-9A1E7A4F7556}") = "CommitCompilerClient", "CommitCompilerClient\CommitCompilerClient.csproj", "{F6F95132-4BBF-48DF-B3E3-100DA9DBB1D4}"
EndProject
Project("{9A19103F-16F7-4668-BE54-9A1E7A4F7556}") = "CommitCompilerServer", "CommitCompilerServer\CommitCompilerServer.csproj", "{4A39CA62-3D0F-4522-80E9-EF0C8FCD4BB4}"
EndProject
Project("{FAE04EC0-301F-11D3-BF4B-00C04F79EFBC}") = "CommitCompilerShared", "CommitCompilerShared\CommitCompilerShared.csproj", "{BD6690C4-F365-4453-BE9B-288804481356}"
EndProject
Global
	GlobalSection(SolutionConfigurationPlatforms) = preSolution
		Debug|Any CPU = Debug|Any CPU
		Release|Any CPU = Release|Any CPU
	EndGlobalSection
	GlobalSection(ProjectConfigurationPlatforms) = postSolution
		{F6F95132-4BBF-48DF-B3E3-100DA9DBB1D4}.Debug|Any CPU.ActiveCfg = Debug|Any CPU
		{F6F95132-4BBF-48DF-B3E3-100DA9DBB1D4}.Debug|Any CPU.Build.0 = Debug|Any CPU
		{F6F95132-4BBF-48DF-B3E3-100DA9DBB1D4}.Release|Any CPU.ActiveCfg = Release|Any CPU
		{F6F95132-4BBF-48DF-B3E3-100DA9DBB1D4}.Release|Any CPU.Build.0 = Release|Any CPU
		{4A39CA62-3D0F-4522-80E9-EF0C8FCD4BB4}.Debug|Any CPU.ActiveCfg = Debug|Any CPU
		{4A39CA62-3D0F-4522-80E9-EF0C8FCD4BB4}.Debug|Any CPU.Build.0 = Debug|Any CPU
		{4A39CA62-3D0F-4522-80E9-EF0C8FCD4BB4}.Release|Any CPU.ActiveCfg = Release|Any CPU
		{4A39CA62-3D0F-4522-80E9-EF0C8FCD4BB4}.Release|Any CPU.Build.0 = Release|Any CPU
		{BD6690C4-F365-4453-BE9B-288804481356}.Debug|Any CPU.ActiveCfg = Debug|Any CPU
		{BD6690C4-F365-4453-BE9B-288804481356}.Debug|Any CPU.Build.0 = Debug|Any CPU
		{BD6690C4-F365-4453-BE9B-288804481356}.Release|Any CPU.ActiveCfg = Release|Any CPU
		{BD6690C4-F365-4453-BE9B-288804481356}.Release|Any CPU.Build.0 = Release|Any CPU
	EndGlobalSection
	GlobalSection(SolutionProperties) = preSolution
		HideSolutionNode = FALSE
	EndGlobalSection
	GlobalSection(ExtensibilityGlobals) = postSolution
		SolutionGuid = {038297CD-48EC-4299-A130-00B343508833}
	EndGlobalSection
EndGlobal
